GEM
  remote: https://rubygems.org/
  specs:
    activemodel (7.1.5.2)
      activesupport (= 7.1.5.2)
    activerecord (7.1.5.2)
      activemodel (= 7.1.5.2)
      activesupport (= 7.1.5.2)
      timeout (>= 0.4.0)
    activesupport (7.1.5.2)
      base64
      benchmark (>= 0.3)
      bigdecimal
      concurrent-ruby (~> 1.0, >= 1.0.2)
      connection_pool (>= 2.2.5)
      drb
      i18n (>= 1.6, < 2)
      logger (>= 1.4.2)
      minitest (>= 5.1)
      mutex_m
      securerandom (>= 0.3)
      tzinfo (~> 2.0)
    ast (2.4.3)
    base64 (0.3.0)
    benchmark (0.5.0)
    better_errors (2.9.1)
      coderay (>= 1.0.0)
      erubi (>= 1.0.0)
      rack (>= 0.9.0)
    bigdecimal (3.3.1)
    binding_of_caller (1.0.0)
      debug_inspector (>= 0.0.1)
    bundler-audit (0.9.3)
      bundler (>= 1.2.0)
      thor (~> 1.0)
    coderay (1.1.3)
    concurrent-ruby (1.3.5)
    connection_pool (2.5.5)
    debug_inspector (1.1.0)
    drb (2.2.3)
    erubi (1.12.0)
    et-orbi (1.2.11)
      tzinfo
    fastimage (2.2.6)
    foreman (0.87.2)
    fugit (1.11.1)
      et-orbi (~> 1, >= 1.2.11)
      raabro (~> 1.4)
    i18n (1.14.7)
      concurrent-ruby (~> 1.0)
    json (2.16.0)
    language_server-protocol (3.17.0.5)
    lint_roller (1.1.0)
    logger (1.7.0)
    method_source (1.0.0)
    minitest (5.26.2)
    mustermann (3.0.4)
      ruby2_keywords (~> 0.0.1)
    mutex_m (0.3.0)
    nio4r (2.7.5)
    parallel (1.27.0)
    parser (3.3.10.0)
      ast (~> 2.4.1)
      racc
    pg (1.5.3)
    pg (1.5.3-x64-mingw-ucrt)
    prism (1.6.0)
    pry (0.14.2)
      coderay (~> 1.1)
      method_source (~> 1.0)
    puma (6.4.3)
      nio4r (~> 2.0)
    raabro (1.4.0)
    racc (1.8.1)
    rack (3.2.4)
    rack-protection (4.2.1)
      base64 (>= 0.1.0)
      logger (>= 1.6.0)
      rack (>= 3.0.0, < 4)
    rack-session (2.1.1)
      base64 (>= 0.1.0)
      rack (>= 3.0.0)
    rack-unreloader (2.1.0)
    rainbow (3.1.1)
    rake (13.0.6)
    regexp_parser (2.11.3)
    rubocop (1.81.7)
      json (~> 2.3)
      language_server-protocol (~> 3.17.0.2)
      lint_roller (~> 1.1.0)
      parallel (~> 1.10)
      parser (>= 3.3.0.2)
      rainbow (>= 2.2.2, < 4.0)
      regexp_parser (>= 2.9.3, < 3.0)
      rubocop-ast (>= 1.47.1, < 2.0)
      ruby-progressbar (~> 1.7)
      unicode-display_width (>= 2.4.0, < 4.0)
    rubocop-ast (1.48.0)
      parser (>= 3.3.7.2)
      prism (~> 1.4)
    rubocop-performance (1.25.0)
      lint_roller (~> 1.1)
      rubocop (>= 1.75.0, < 2.0)
      rubocop-ast (>= 1.38.0, < 2.0)
    ruby-progressbar (1.13.0)
    ruby2_keywords (0.0.5)
    rufus-scheduler (3.8.2)
      fugit (~> 1.1, >= 1.1.6)
    securerandom (0.4.1)
    sequel (5.68.0)
    sinatra (4.2.1)
      logger (>= 1.6.0)
      mustermann (~> 3.0)
      rack (>= 3.0.0, < 4)
      rack-protection (= 4.2.1)
      rack-session (>= 2.0.0, < 3)
      tilt (~> 2.0)
    sinatra-activerecord (2.0.26)
      activerecord (>= 4.1)
      sinatra (>= 1.0)
    sqlite3 (1.6.0-x64-mingw-ucrt)
    sqlite3 (1.6.0-x86_64-darwin)
    sqlite3 (1.6.0-x86_64-linux)
    standard (1.52.0)
      language_server-protocol (~> 3.17.0.2)
      lint_roller (~> 1.0)
      rubocop (~> 1.81.7)
      standard-custom (~> 1.0.0)
      standard-performance (~> 1.8)
    standard-custom (1.0.2)
      lint_roller (~> 1.0)
      rubocop (~> 1.50)
    standard-performance (1.8.0)
      lint_roller (~> 1.1)
      rubocop-performance (~> 1.25.0)
    thor (1.4.0)
    tilt (2.6.1)
    timeout (0.4.4)
    tzinfo (2.0.6)
      concurrent-ruby (~> 1.0)
    unicode-display_width (3.2.0)
      unicode-emoji (~> 4.1)
    unicode-emoji (4.1.0)

PLATFORMS
  x64-mingw-ucrt
  x86_64-darwin-21
  x86_64-darwin-22
  x86_64-linux

DEPENDENCIES
  activerecord (~> 7.1.5.2)
  better_errors (~> 2.9)
  binding_of_caller (~> 1.0)
  bundler-audit (~> 0.9)
  fastimage (~> 2.2)
  foreman (~> 0.87.2)
  pg (~> 1.5)
  pry (~> 0.14.1)
  puma (~> 6.4)
  rack (~> 3.2.4)
  rack-unreloader (~> 2.0)
  rake (~> 13.0)
  rufus-scheduler (~> 3.8)
  sequel (~> 5.68)
  sinatra (~> 4.2)
  sinatra-activerecord (~> 2.0.26)
  sqlite3 (~> 1.6)
  standard (~> 1.52)

CHECKSUMS
  activemodel (7.1.5.2) sha256=4fb6a56a8614ee820c218563fcdebcf0d7b16ab153b81ecd2ed91877cf4ac8b5
  activerecord (7.1.5.2) sha256=923da72b2da727fd2868bfa2a536db6facf71d67064889a4fb16ff323da99d2a
  activesupport (7.1.5.2) sha256=900031b9c8acbfea604977addcbfe990ba8f36e1059e9d448df520bbead36ed1
  ast (2.4.3) sha256=954615157c1d6a382bc27d690d973195e79db7f55e9765ac7c481c60bdb4d383
  base64 (0.3.0) sha256=27337aeabad6ffae05c265c450490628ef3ebd4b67be58257393227588f5a97b
  benchmark (0.5.0) sha256=465df122341aedcb81a2a24b4d3bd19b6c67c1530713fd533f3ff034e419236c
  better_errors (2.9.1) sha256=39efc116ab04d6c4200052c5782936e4bd99906978d098992bce6bf81d054284
  bigdecimal (3.3.1) sha256=eaa01e228be54c4f9f53bf3cc34fe3d5e845c31963e7fcc5bedb05a4e7d52218
  binding_of_caller (1.0.0) sha256=3aad25d1d538fc6e7972978f9bf512ccd992784009947c81633bea776713161d
  bundler-audit (0.9.3) sha256=81c8766c71e47d0d28a0f98c7eed028539f21a6ea3cd8f685eb6f42333c9b4e9
  coderay (1.1.3) sha256=dc530018a4684512f8f38143cd2a096c9f02a1fc2459edcfe534787a7fc77d4b
  concurrent-ruby (1.3.5) sha256=813b3e37aca6df2a21a3b9f1d497f8cbab24a2b94cab325bffe65ee0f6cbebc6
  connection_pool (2.5.5) sha256=e54ff92855753df1fd7c59fa04a398833355f27dd14c074f8c83a05f72a716ad
  debug_inspector (1.1.0) sha256=eaa5a2d0195e1d65fb4164e8e7e466cca2e7eb53bc5e608cf12b8bf02c3a8606
  drb (2.2.3) sha256=0b00d6fdb50995fe4a45dea13663493c841112e4068656854646f418fda13373
  erubi (1.12.0) sha256=27bedb74dfb1e04ff60674975e182d8ca787f2224f2e8143268c7696f42e4723
  et-orbi (1.2.11) sha256=d26e868cc21db88280a9ec1a50aa3da5d267eb9b2037ba7b831d6c2731f5df64
  fastimage (2.2.6) sha256=59fab1aa32cc6238b98e6c89071c446d8c2f86ea3dbf795b55bba80fc47bcf5a
  foreman (0.87.2) sha256=2727bc6e2100bf80b76e391aefe8c30a9d172b4a8acf56f072f94ffeedeeef6b
  fugit (1.11.1) sha256=e89485e7be22226d8e9c6da411664d0660284b4b1c08cacb540f505907869868
  i18n (1.14.7) sha256=ceba573f8138ff2c0915427f1fc5bdf4aa3ab8ae88c8ce255eb3ecf0a11a5d0f
  json (2.16.0) sha256=ca5630320bb5ca23ebfd0bac84532fab56eb357575653b815b9df42c051e1525
  language_server-protocol (3.17.0.5) sha256=fd1e39a51a28bf3eec959379985a72e296e9f9acfce46f6a79d31ca8760803cc
  lint_roller (1.1.0) sha256=2c0c845b632a7d172cb849cc90c1bce937a28c5c8ccccb50dfd46a485003cc87
  logger (1.7.0) sha256=196edec7cc44b66cfb40f9755ce11b392f21f7967696af15d274dde7edff0203
  method_source (1.0.0) sha256=d779455a2b5666a079ce58577bfad8534f571af7cec8107f4dce328f0981dede
  minitest (5.26.2) sha256=f021118a6185b9ba9f5af71f2ba103ad770c75afde9f2ab8da512677c550cde3
  mustermann (3.0.4) sha256=85fadcb6b3c6493a8b511b42426f904b7f27b282835502233dd154daab13aa22
  mutex_m (0.3.0) sha256=cfcb04ac16b69c4813777022fdceda24e9f798e48092a2b817eb4c0a782b0751
  nio4r (2.7.5) sha256=6c90168e48fb5f8e768419c93abb94ba2b892a1d0602cb06eef16d8b7df1dca1
  parallel (1.27.0) sha256=4ac151e1806b755fb4e2dc2332cbf0e54f2e24ba821ff2d3dcf86bf6dc4ae130
  parser (3.3.10.0) sha256=ce3587fa5cc55a88c4ba5b2b37621b3329aadf5728f9eafa36bbd121462aabd6
  pg (1.5.3) sha256=6b9ee5e2d5aee975588232c41f8203e766157cf71dba54ee85b343a45ced9bfd
  pg (1.5.3-x64-mingw-ucrt) sha256=1f2a6b2afaf0ccb8afe8b6a00131bce8151fbd6e8826b2d944288f6f2b615389
  prism (1.6.0) sha256=bfc0281a81718c4872346bc858dc84abd3a60cae78336c65ad35c8fbff641c6b
  pry (0.14.2) sha256=c4fe54efedaca1d351280b45b8849af363184696fcac1c72e0415f9bdac4334d
  puma (6.4.3) sha256=24a4645c006811d83f2480057d1f54a96e7627b6b90e1c99b260b9dc630eb43e
  raabro (1.4.0) sha256=d4fa9ff5172391edb92b242eed8be802d1934b1464061ae5e70d80962c5da882
  racc (1.8.1) sha256=4a7f6929691dbec8b5209a0b373bc2614882b55fc5d2e447a21aaa691303d62f
  rack (3.2.4) sha256=5d74b6f75082a643f43c1e76b419c40f0e5527fcfee1e669ac1e6b73c0ccb6f6
  rack-protection (4.2.1) sha256=cf6e2842df8c55f5e4d1a4be015e603e19e9bc3a7178bae58949ccbb58558bac
  rack-session (2.1.1) sha256=0b6dc07dea7e4b583f58a48e8b806d4c9f1c6c9214ebc202ec94562cbea2e4e9
  rack-unreloader (2.1.0) sha256=18879cf2ced8ca21a01836bca706f65cce6ebe3f7d9d8a5157ce68ca62c7263a
  rainbow (3.1.1) sha256=039491aa3a89f42efa1d6dec2fc4e62ede96eb6acd95e52f1ad581182b79bc6a
  rake (13.0.6) sha256=5ce4bf5037b4196c24ac62834d8db1ce175470391026bd9e557d669beeb19097
  regexp_parser (2.11.3) sha256=ca13f381a173b7a93450e53459075c9b76a10433caadcb2f1180f2c741fc55a4
  rubocop (1.81.7) sha256=6fb5cc298c731691e2a414fe0041a13eb1beed7bab23aec131da1bcc527af094
  rubocop-ast (1.48.0) sha256=22df9bbf3f7a6eccde0fad54e68547ae1e2a704bf8719e7c83813a99c05d2e76
  rubocop-performance (1.25.0) sha256=6f7d03568a770054117a78d0a8e191cefeffb703b382871ca7743831b1a52ec1
  ruby-progressbar (1.13.0) sha256=80fc9c47a9b640d6834e0dc7b3c94c9df37f08cb072b7761e4a71e22cff29b33
  ruby2_keywords (0.0.5) sha256=ffd13740c573b7301cf7a2e61fc857b2a8e3d3aff32545d6f8300d8bae10e3ef
  rufus-scheduler (3.8.2) sha256=9a33d32fb5d58a70861fa792be2d7f0de6cc1fdee3a21d5b2298168f56f644ab
  securerandom (0.4.1) sha256=cc5193d414a4341b6e225f0cb4446aceca8e50d5e1888743fac16987638ea0b1
  sequel (5.68.0) sha256=6a46ba3fda97dbb7b26bc0ddd0622059f78d7e0d93da4a3ea3d673fa5a05df5c
  sinatra (4.2.1) sha256=b7aeb9b11d046b552972ade834f1f9be98b185fa8444480688e3627625377080
  sinatra-activerecord (2.0.26) sha256=0d4c29cc3318cfc2818264e5c59012c6c6ece2cfdc1d419bb9cc084abf78e9e9
  sqlite3 (1.6.0-x64-mingw-ucrt) sha256=c4ccd5a01c2feeb7370d34887f97c0c62fe58d7830d81adf9977afd48425fa4d
  sqlite3 (1.6.0-x86_64-darwin) sha256=e177778f16415370eb1e7401a492ec25c48d00ac5ff83789ba905e50ee083c64
  sqlite3 (1.6.0-x86_64-linux) sha256=a2488dcf0e72928bab2b15b934113ce8d7a3b4031277e362d66e40956d5c709e
  standard (1.52.0) sha256=ec050e63228e31fabe40da3ef96da7edda476f7acdf3e7c2ad47b6e153f6a076
  standard-custom (1.0.2) sha256=424adc84179a074f1a2a309bb9cf7cd6bfdb2b6541f20c6bf9436c0ba22a652b
  standard-performance (1.8.0) sha256=ed17b7d0e061b2a19a91dd434bef629439e2f32310f22f26acb451addc92b788
  thor (1.4.0) sha256=8763e822ccb0f1d7bee88cde131b19a65606657b847cc7b7b4b82e772bcd8a3d
  tilt (2.6.1) sha256=35a99bba2adf7c1e362f5b48f9b581cce4edfba98117e34696dde6d308d84770
  timeout (0.4.4) sha256=f0f6f970104b82427cd990680f539b6bbb8b1e55efa913a55c6492935e4e0edb
  tzinfo (2.0.6) sha256=8daf828cc77bcf7d63b0e3bdb6caa47e2272dcfaf4fbfe46f8c3a9df087a829b
  unicode-display_width (3.2.0) sha256=0cdd96b5681a5949cdbc2c55e7b420facae74c4aaf9a9815eee1087cb1853c42
  unicode-emoji (4.1.0) sha256=4997d2d5df1ed4252f4830a9b6e86f932e2013fbff2182a9ce9ccabda4f325a5

BUNDLED WITH
   2.7.2
